
Microsoft Visual Studio Solution File, Format Version 12.00
# Visual Studio Version 17
VisualStudioVersion = 17.8.34316.72
MinimumVisualStudioVersion = 10.0.40219.1
Project("{FAE04EC0-301F-11D3-BF4B-00C04F79EFBC}") = "StripeDemo", "StripeDemo.csproj", "{F3C18227-59BB-4ADD-989F-A24CD749C124}"
EndProject
Global
	GlobalSection(SolutionConfigurationPlatforms) = preSolution
		Debug|Any CPU = Debug|Any CPU
		Release|Any CPU = Release|Any CPU
	EndGlobalSection
	GlobalSection(ProjectConfigurationPlatforms) = postSolution
		{F3C18227-59BB-4ADD-989F-A24CD749C124}.Debug|Any CPU.ActiveCfg = Debug|Any CPU
		{F3C18227-59BB-4ADD-989F-A24CD749C124}.Debug|Any CPU.Build.0 = Debug|Any CPU
		{F3C18227-59BB-4ADD-989F-A24CD749C124}.Release|Any CPU.ActiveCfg = Release|Any CPU
		{F3C18227-59BB-4ADD-989F-A24CD749C124}.Release|Any CPU.Build.0 = Release|Any CPU
	EndGlobalSection
	GlobalSection(SolutionProperties) = preSolution
		HideSolutionNode = FALSE
	EndGlobalSection
	GlobalSection(ExtensibilityGlobals) = postSolution
		SolutionGuid = {F3B1F6C0-AE1E-40BF-A343-450BE1590B7E}
	EndGlobalSection
EndGlobal
